{
  "name": "gw2api",
  "lockfileVersion": 3,
  "requires": true,
  "packages": {
    "": {
      "name": "gw2api",
      "workspaces": [
        "packages/*"
      ],
      "devDependencies": {}
    },
    "node_modules/@gw2api/fetch": {
      "resolved": "packages/fetch",
      "link": true
    },
    "node_modules/@gw2api/types": {
      "resolved": "packages/types",
      "link": true
    },
    "node_modules/typescript": {
      "version": "5.2.2",
      "resolved": "https://registry.npmjs.org/typescript/-/typescript-5.2.2.tgz",
      "integrity": "sha512-mI4WrpHsbCIcwT9cF4FZvr80QUeKvsUsUvKDoR+X/7XHQH98xYD8YHZg7ANtz2GtZt/CBq2QJ0thkGJMHfqc1w==",
      "dev": true,
      "bin": {
        "tsc": "bin/tsc",
        "tsserver": "bin/tsserver"
      },
      "engines": {
        "node": ">=14.17"
      }
    },
    "packages/fetch": {
      "version": "0.0.1",
      "license": "MIT",
      "dependencies": {
        "@gw2api/types": "0.0.1"
      },
      "devDependencies": {
        "typescript": "^5.2.2"
      }
    },
    "packages/types": {
      "name": "@gw2api/types",
      "version": "0.0.1",
      "license": "MIT",
      "devDependencies": {
        "typescript": "^5.2.2"
      }
    }
  }
}
