{
  "name": "gw2api",
  "lockfileVersion": 3,
  "requires": true,
  "packages": {
    "": {
      "name": "gw2api",
      "workspaces": [
        "packages/*"
      ],
      "devDependencies": {}
    },
    "node_modules/@gw2api/fetch": {
      "resolved": "packages/fetch",
      "link": true
    },
    "node_modules/@gw2api/types": {
      "resolved": "packages/types",
      "link": true
    },
    "node_modules/@gw2treasures/publish-package": {
      "version": "0.0.1",
      "resolved": "https://registry.npmjs.org/@gw2treasures/publish-package/-/publish-package-0.0.1.tgz",
      "integrity": "sha512-5SzHU6ure63ScZyhyi+9wpWKGGbsw5ZjlPoYwNGxYu1EugV4BcSE2uYFBTWrvQ5eyzTLai9bY8JA6AP2VRyNXQ==",
      "dev": true,
      "bin": {
        "gw2treasures-publish-package": "dist/index.js"
      }
    },
    "node_modules/typescript": {
      "version": "5.3.3",
      "resolved": "https://registry.npmjs.org/typescript/-/typescript-5.3.3.tgz",
      "integrity": "sha512-pXWcraxM0uxAS+tN0AG/BF2TyqmHO014Z070UsJ+pFvYuRSq8KH8DmWpnbXe0pEPDHXZV3FcAbJkijJ5oNEnWw==",
      "dev": true,
      "bin": {
        "tsc": "bin/tsc",
        "tsserver": "bin/tsserver"
      },
      "engines": {
        "node": ">=14.17"
      }
    },
    "packages/fetch": {
      "name": "@gw2api/fetch",
      "version": "0.0.1",
      "license": "MIT",
      "dependencies": {
        "@gw2api/types": "0.0.1"
      },
      "devDependencies": {
        "@gw2treasures/publish-package": "0.0.1",
        "typescript": "^5.2.2"
      }
    },
    "packages/types": {
      "name": "@gw2api/types",
      "version": "0.0.1",
      "license": "MIT",
      "devDependencies": {
        "@gw2treasures/publish-package": "0.0.1",
        "typescript": "^5.2.2"
      }
    }
  }
}
